
Microsoft Visual Studio Solution File, Format Version 12.00
# Visual Studio Version 17
VisualStudioVersion = 17.7.34031.279
MinimumVisualStudioVersion = 10.0.40219.1
Project("{FAE04EC0-301F-11D3-BF4B-00C04F79EFBC}") = "Exercicio07", "Exercicio07\Exercicio07.csproj", "{1D305F2F-7074-475B-B609-D1EA20B6D3DF}"
EndProject
Global
	GlobalSection(SolutionConfigurationPlatforms) = preSolution
		Debug|Any CPU = Debug|Any CPU
		Release|Any CPU = Release|Any CPU
	EndGlobalSection
	GlobalSection(ProjectConfigurationPlatforms) = postSolution
		{1D305F2F-7074-475B-B609-D1EA20B6D3DF}.Debug|Any CPU.ActiveCfg = Debug|Any CPU
		{1D305F2F-7074-475B-B609-D1EA20B6D3DF}.Debug|Any CPU.Build.0 = Debug|Any CPU
		{1D305F2F-7074-475B-B609-D1EA20B6D3DF}.Release|Any CPU.ActiveCfg = Release|Any CPU
		{1D305F2F-7074-475B-B609-D1EA20B6D3DF}.Release|Any CPU.Build.0 = Release|Any CPU
	EndGlobalSection
	GlobalSection(SolutionProperties) = preSolution
		HideSolutionNode = FALSE
	EndGlobalSection
	GlobalSection(ExtensibilityGlobals) = postSolution
		SolutionGuid = {EA03C20C-010D-472F-B0FB-991D65ED70DE}
	EndGlobalSection
EndGlobal
