
Microsoft Visual Studio Solution File, Format Version 12.00
# Visual Studio Version 17
VisualStudioVersion = 17.7.34031.279
MinimumVisualStudioVersion = 10.0.40219.1
Project("{FAE04EC0-301F-11D3-BF4B-00C04F79EFBC}") = "Exercicio11", "Exercicio11\Exercicio11.csproj", "{0AECEBD0-18BF-456C-8E41-F92735C55E7C}"
EndProject
Global
	GlobalSection(SolutionConfigurationPlatforms) = preSolution
		Debug|Any CPU = Debug|Any CPU
		Release|Any CPU = Release|Any CPU
	EndGlobalSection
	GlobalSection(ProjectConfigurationPlatforms) = postSolution
		{0AECEBD0-18BF-456C-8E41-F92735C55E7C}.Debug|Any CPU.ActiveCfg = Debug|Any CPU
		{0AECEBD0-18BF-456C-8E41-F92735C55E7C}.Debug|Any CPU.Build.0 = Debug|Any CPU
		{0AECEBD0-18BF-456C-8E41-F92735C55E7C}.Release|Any CPU.ActiveCfg = Release|Any CPU
		{0AECEBD0-18BF-456C-8E41-F92735C55E7C}.Release|Any CPU.Build.0 = Release|Any CPU
	EndGlobalSection
	GlobalSection(SolutionProperties) = preSolution
		HideSolutionNode = FALSE
	EndGlobalSection
	GlobalSection(ExtensibilityGlobals) = postSolution
		SolutionGuid = {014D2C77-044D-4BFB-AF5C-7B7F06AD94DC}
	EndGlobalSection
EndGlobal
